
Microsoft Visual Studio Solution File, Format Version 12.00
# Visual Studio Version 16
VisualStudioVersion = 16.0.31911.196
MinimumVisualStudioVersion = 10.0.40219.1
Project("{FAE04EC0-301F-11D3-BF4B-00C04F79EFBC}") = "Задание_12", "Задание_12\Задание_12.csproj", "{DEB2034B-578E-48F5-8935-6524E95F98F3}"
EndProject
Global
	GlobalSection(SolutionConfigurationPlatforms) = preSolution
		Debug|Any CPU = Debug|Any CPU
		Release|Any CPU = Release|Any CPU
	EndGlobalSection
	GlobalSection(ProjectConfigurationPlatforms) = postSolution
		{DEB2034B-578E-48F5-8935-6524E95F98F3}.Debug|Any CPU.ActiveCfg = Debug|Any CPU
		{DEB2034B-578E-48F5-8935-6524E95F98F3}.Debug|Any CPU.Build.0 = Debug|Any CPU
		{DEB2034B-578E-48F5-8935-6524E95F98F3}.Release|Any CPU.ActiveCfg = Release|Any CPU
		{DEB2034B-578E-48F5-8935-6524E95F98F3}.Release|Any CPU.Build.0 = Release|Any CPU
	EndGlobalSection
	GlobalSection(SolutionProperties) = preSolution
		HideSolutionNode = FALSE
	EndGlobalSection
	GlobalSection(ExtensibilityGlobals) = postSolution
		SolutionGuid = {262D2C5F-E8E0-4650-9351-C40C8BCC0EAF}
	EndGlobalSection
EndGlobal
